
Microsoft Visual Studio Solution File, Format Version 12.00
# Visual Studio Version 16
VisualStudioVersion = 16.0.30907.101
MinimumVisualStudioVersion = 10.0.40219.1
Project("{FAE04EC0-301F-11D3-BF4B-00C04F79EFBC}") = "Muzzle", "Muzzle\Muzzle.csproj", "{1C1DDB2D-3B35-4FD3-A9ED-A4FF6F51571B}"
EndProject
Global
	GlobalSection(SolutionConfigurationPlatforms) = preSolution
		Debug|Any CPU = Debug|Any CPU
		Release|Any CPU = Release|Any CPU
	EndGlobalSection
	GlobalSection(ProjectConfigurationPlatforms) = postSolution
		{1C1DDB2D-3B35-4FD3-A9ED-A4FF6F51571B}.Debug|Any CPU.ActiveCfg = Debug|Any CPU
		{1C1DDB2D-3B35-4FD3-A9ED-A4FF6F51571B}.Debug|Any CPU.Build.0 = Debug|Any CPU
		{1C1DDB2D-3B35-4FD3-A9ED-A4FF6F51571B}.Release|Any CPU.ActiveCfg = Release|Any CPU
		{1C1DDB2D-3B35-4FD3-A9ED-A4FF6F51571B}.Release|Any CPU.Build.0 = Release|Any CPU
	EndGlobalSection
	GlobalSection(SolutionProperties) = preSolution
		HideSolutionNode = FALSE
	EndGlobalSection
	GlobalSection(ExtensibilityGlobals) = postSolution
		SolutionGuid = {0B1A7F5F-669C-4694-8067-F0D625C6FB2D}
	EndGlobalSection
EndGlobal
